
Microsoft Visual Studio Solution File, Format Version 12.00
# Visual Studio Version 17
VisualStudioVersion = 17.10.35201.131
MinimumVisualStudioVersion = 10.0.40219.1
Project("{FAE04EC0-301F-11D3-BF4B-00C04F79EFBC}") = "BankApp", "BankApp\BankApp.csproj", "{91771A1A-207E-44F5-8396-A7E753B88A5F}"
EndProject
Project("{FAE04EC0-301F-11D3-BF4B-00C04F79EFBC}") = "BankAppTests", "BankAppTests\BankAppTests.csproj", "{6AD1CC41-3F5A-4C12-B53D-B46FA60CF122}"
EndProject
Global
	GlobalSection(SolutionConfigurationPlatforms) = preSolution
		Debug|Any CPU = Debug|Any CPU
		Release|Any CPU = Release|Any CPU
	EndGlobalSection
	GlobalSection(ProjectConfigurationPlatforms) = postSolution
		{91771A1A-207E-44F5-8396-A7E753B88A5F}.Debug|Any CPU.ActiveCfg = Debug|Any CPU
		{91771A1A-207E-44F5-8396-A7E753B88A5F}.Debug|Any CPU.Build.0 = Debug|Any CPU
		{91771A1A-207E-44F5-8396-A7E753B88A5F}.Release|Any CPU.ActiveCfg = Release|Any CPU
		{91771A1A-207E-44F5-8396-A7E753B88A5F}.Release|Any CPU.Build.0 = Release|Any CPU
		{6AD1CC41-3F5A-4C12-B53D-B46FA60CF122}.Debug|Any CPU.ActiveCfg = Debug|Any CPU
		{6AD1CC41-3F5A-4C12-B53D-B46FA60CF122}.Debug|Any CPU.Build.0 = Debug|Any CPU
		{6AD1CC41-3F5A-4C12-B53D-B46FA60CF122}.Release|Any CPU.ActiveCfg = Release|Any CPU
		{6AD1CC41-3F5A-4C12-B53D-B46FA60CF122}.Release|Any CPU.Build.0 = Release|Any CPU
	EndGlobalSection
	GlobalSection(SolutionProperties) = preSolution
		HideSolutionNode = FALSE
	EndGlobalSection
	GlobalSection(ExtensibilityGlobals) = postSolution
		SolutionGuid = {CD5C518E-C2C3-43FA-B2E3-B8AA0357D1A3}
	EndGlobalSection
EndGlobal
